Microsoft Visual Studio Solution File, Format Version 12.00
# Visual Studio Version 16
VisualStudioVersion = 16.0.0.0
MinimumVisualStudioVersion = 16.0.0.0
Project("{9A19103F-16F7-4668-BE54-9A1E7A4F7556}") = "MinimalBlazorAdmin.Server", "Server\MinimalBlazorAdmin.Server.csproj", "{9E46BD7A-D23E-4CBD-AC52-8A0F9884D2F1}"
EndProject
Project("{9A19103F-16F7-4668-BE54-9A1E7A4F7556}") = "MinimalBlazorAdmin.Client", "Client\MinimalBlazorAdmin.Client.csproj", "{3033A928-41C6-43CA-AE52-AA7837F294F5}"
EndProject
Project("{9A19103F-16F7-4668-BE54-9A1E7A4F7556}") = "MinimalBlazorAdmin.Shared", "Shared\MinimalBlazorAdmin.Shared.csproj", "{9111D03A-10DB-4355-954D-168EAE6398DF}"
EndProject
Global
	GlobalSection(SolutionConfigurationPlatforms) = preSolution
		Debug|Any CPU = Debug|Any CPU
		Debug|x64 = Debug|x64
		Debug|x86 = Debug|x86
		Release|Any CPU = Release|Any CPU
		Release|x64 = Release|x64
		Release|x86 = Release|x86
	EndGlobalSection
	GlobalSection(ProjectConfigurationPlatforms) = postSolution
		{3033A928-41C6-43CA-AE52-AA7837F294F5}.Debug|Any CPU.ActiveCfg = Debug|Any CPU
		{3033A928-41C6-43CA-AE52-AA7837F294F5}.Debug|Any CPU.Build.0 = Debug|Any CPU
		{3033A928-41C6-43CA-AE52-AA7837F294F5}.Debug|x64.ActiveCfg = Debug|Any CPU
		{3033A928-41C6-43CA-AE52-AA7837F294F5}.Debug|x64.Build.0 = Debug|Any CPU
		{3033A928-41C6-43CA-AE52-AA7837F294F5}.Debug|x86.ActiveCfg = Debug|Any CPU
		{3033A928-41C6-43CA-AE52-AA7837F294F5}.Debug|x86.Build.0 = Debug|Any CPU
		{3033A928-41C6-43CA-AE52-AA7837F294F5}.Release|Any CPU.ActiveCfg = Release|Any CPU
		{3033A928-41C6-43CA-AE52-AA7837F294F5}.Release|Any CPU.Build.0 = Release|Any CPU
		{3033A928-41C6-43CA-AE52-AA7837F294F5}.Release|x64.ActiveCfg = Release|Any CPU
		{3033A928-41C6-43CA-AE52-AA7837F294F5}.Release|x64.Build.0 = Release|Any CPU
		{3033A928-41C6-43CA-AE52-AA7837F294F5}.Release|x86.ActiveCfg = Release|Any CPU
		{3033A928-41C6-43CA-AE52-AA7837F294F5}.Release|x86.Build.0 = Release|Any CPU
		{9E46BD7A-D23E-4CBD-AC52-8A0F9884D2F1}.Debug|Any CPU.ActiveCfg = Debug|Any CPU
		{9E46BD7A-D23E-4CBD-AC52-8A0F9884D2F1}.Debug|Any CPU.Build.0 = Debug|Any CPU
		{9E46BD7A-D23E-4CBD-AC52-8A0F9884D2F1}.Debug|x64.ActiveCfg = Debug|Any CPU
		{9E46BD7A-D23E-4CBD-AC52-8A0F9884D2F1}.Debug|x64.Build.0 = Debug|Any CPU
		{9E46BD7A-D23E-4CBD-AC52-8A0F9884D2F1}.Debug|x86.ActiveCfg = Debug|Any CPU
		{9E46BD7A-D23E-4CBD-AC52-8A0F9884D2F1}.Debug|x86.Build.0 = Debug|Any CPU
		{9E46BD7A-D23E-4CBD-AC52-8A0F9884D2F1}.Release|Any CPU.ActiveCfg = Release|Any CPU
		{9E46BD7A-D23E-4CBD-AC52-8A0F9884D2F1}.Release|Any CPU.Build.0 = Release|Any CPU
		{9E46BD7A-D23E-4CBD-AC52-8A0F9884D2F1}.Release|x64.ActiveCfg = Release|Any CPU
		{9E46BD7A-D23E-4CBD-AC52-8A0F9884D2F1}.Release|x64.Build.0 = Release|Any CPU
		{9E46BD7A-D23E-4CBD-AC52-8A0F9884D2F1}.Release|x86.ActiveCfg = Release|Any CPU
		{9E46BD7A-D23E-4CBD-AC52-8A0F9884D2F1}.Release|x86.Build.0 = Release|Any CPU
		{9111D03A-10DB-4355-954D-168EAE6398DF}.Debug|Any CPU.ActiveCfg = Debug|Any CPU
		{9111D03A-10DB-4355-954D-168EAE6398DF}.Debug|Any CPU.Build.0 = Debug|Any CPU
		{9111D03A-10DB-4355-954D-168EAE6398DF}.Debug|x64.ActiveCfg = Debug|Any CPU
		{9111D03A-10DB-4355-954D-168EAE6398DF}.Debug|x64.Build.0 = Debug|Any CPU
		{9111D03A-10DB-4355-954D-168EAE6398DF}.Debug|x86.ActiveCfg = Debug|Any CPU
		{9111D03A-10DB-4355-954D-168EAE6398DF}.Debug|x86.Build.0 = Debug|Any CPU
		{9111D03A-10DB-4355-954D-168EAE6398DF}.Release|Any CPU.ActiveCfg = Release|Any CPU
		{9111D03A-10DB-4355-954D-168EAE6398DF}.Release|Any CPU.Build.0 = Release|Any CPU
		{9111D03A-10DB-4355-954D-168EAE6398DF}.Release|x64.ActiveCfg = Release|Any CPU
		{9111D03A-10DB-4355-954D-168EAE6398DF}.Release|x64.Build.0 = Release|Any CPU
		{9111D03A-10DB-4355-954D-168EAE6398DF}.Release|x86.ActiveCfg = Release|Any CPU
		{9111D03A-10DB-4355-954D-168EAE6398DF}.Release|x86.Build.0 = Release|Any CPU
	EndGlobalSection
	GlobalSection(SolutionProperties) = preSolution
		HideSolutionNode = FALSE
	EndGlobalSection
	GlobalSection(ExtensibilityGlobals) = postSolution
		SolutionGuid = {37028E1B-ED91-457D-9FD1-89FFCF2498C9}
	EndGlobalSection
EndGlobal